
Microsoft Visual Studio Solution File, Format Version 12.00
# Visual Studio Version 17
VisualStudioVersion = 17.13.35931.197 d17.13
MinimumVisualStudioVersion = 10.0.40219.1
Project("{FAE04EC0-301F-11D3-BF4B-00C04F79EFBC}") = "TDD_Proj", "TDD_Proj\TDD_Proj.csproj", "{33FCD5CD-74FD-44C2-A559-7079744E2728}"
EndProject
Project("{FAE04EC0-301F-11D3-BF4B-00C04F79EFBC}") = "TDD_Proj.tests", "TDD_Proj.tests\TDD_Proj.tests.csproj", "{0F1E69E9-6FCF-48CB-80CB-2D7172B57BD7}"
EndProject
Global
	GlobalSection(SolutionConfigurationPlatforms) = preSolution
		Debug|Any CPU = Debug|Any CPU
		Release|Any CPU = Release|Any CPU
	EndGlobalSection
	GlobalSection(ProjectConfigurationPlatforms) = postSolution
		{33FCD5CD-74FD-44C2-A559-7079744E2728}.Debug|Any CPU.ActiveCfg = Debug|Any CPU
		{33FCD5CD-74FD-44C2-A559-7079744E2728}.Debug|Any CPU.Build.0 = Debug|Any CPU
		{33FCD5CD-74FD-44C2-A559-7079744E2728}.Release|Any CPU.ActiveCfg = Release|Any CPU
		{33FCD5CD-74FD-44C2-A559-7079744E2728}.Release|Any CPU.Build.0 = Release|Any CPU
		{0F1E69E9-6FCF-48CB-80CB-2D7172B57BD7}.Debug|Any CPU.ActiveCfg = Debug|Any CPU
		{0F1E69E9-6FCF-48CB-80CB-2D7172B57BD7}.Debug|Any CPU.Build.0 = Debug|Any CPU
		{0F1E69E9-6FCF-48CB-80CB-2D7172B57BD7}.Release|Any CPU.ActiveCfg = Release|Any CPU
		{0F1E69E9-6FCF-48CB-80CB-2D7172B57BD7}.Release|Any CPU.Build.0 = Release|Any CPU
	EndGlobalSection
	GlobalSection(SolutionProperties) = preSolution
		HideSolutionNode = FALSE
	EndGlobalSection
	GlobalSection(ExtensibilityGlobals) = postSolution
		SolutionGuid = {6E3039E6-96FE-48D0-B09B-D6F23FB10D66}
	EndGlobalSection
EndGlobal
